
Microsoft Visual Studio Solution File, Format Version 12.00
Project("{2150E333-8FDC-42A3-9474-1A3956D46DE8}") = "Architecture", "Architecture", "{B79B5013-DA3F-4AC6-9FD1-249297FEAB1E}"
EndProject
Project("{FAE04EC0-301F-11D3-BF4B-00C04F79EFBC}") = "Fly.Fast.Domain", "Fly.Fast.Domain\Fly.Fast.Domain.csproj", "{3AE85FF0-4933-4210-AF4F-76CF866C93FF}"
EndProject
Project("{FAE04EC0-301F-11D3-BF4B-00C04F79EFBC}") = "Fly.Fast.Infrastructure", "Fly.Fast.Infrastructure\Fly.Fast.Infrastructure.csproj", "{91479475-124C-44D1-952A-E0BC4D202698}"
EndProject
Project("{FAE04EC0-301F-11D3-BF4B-00C04F79EFBC}") = "Fly.Fast.Application", "Fly.Fast.Application\Fly.Fast.Application.csproj", "{8239701A-ECD4-4BC1-94DC-192EA6C651CE}"
EndProject
Project("{2150E333-8FDC-42A3-9474-1A3956D46DE8}") = "Persistence", "Persistence", "{3030988C-074E-4D6F-8816-A60FBB2A8992}"
EndProject
Project("{FAE04EC0-301F-11D3-BF4B-00C04F79EFBC}") = "Fly.Fast.Persistence.Contracts", "Fly.Fast.Persistence.Contracts\Fly.Fast.Persistence.Contracts.csproj", "{7ECB19BA-735F-4C1C-8AF7-6E391CF2D29B}"
EndProject
Project("{FAE04EC0-301F-11D3-BF4B-00C04F79EFBC}") = "Fly.Fast.Persistence.EntityFrameworkCore", "Fly.Fast.Persistence.EntityFrameworkCore\Fly.Fast.Persistence.EntityFrameworkCore.csproj", "{CE7CD49D-9A59-4902-AEBF-7E2A2670696C}"
EndProject
Global
	GlobalSection(SolutionConfigurationPlatforms) = preSolution
		Debug|Any CPU = Debug|Any CPU
		Release|Any CPU = Release|Any CPU
	EndGlobalSection
	GlobalSection(ProjectConfigurationPlatforms) = postSolution
		{3AE85FF0-4933-4210-AF4F-76CF866C93FF}.Debug|Any CPU.ActiveCfg = Debug|Any CPU
		{3AE85FF0-4933-4210-AF4F-76CF866C93FF}.Debug|Any CPU.Build.0 = Debug|Any CPU
		{3AE85FF0-4933-4210-AF4F-76CF866C93FF}.Release|Any CPU.ActiveCfg = Release|Any CPU
		{3AE85FF0-4933-4210-AF4F-76CF866C93FF}.Release|Any CPU.Build.0 = Release|Any CPU
		{91479475-124C-44D1-952A-E0BC4D202698}.Debug|Any CPU.ActiveCfg = Debug|Any CPU
		{91479475-124C-44D1-952A-E0BC4D202698}.Debug|Any CPU.Build.0 = Debug|Any CPU
		{91479475-124C-44D1-952A-E0BC4D202698}.Release|Any CPU.ActiveCfg = Release|Any CPU
		{91479475-124C-44D1-952A-E0BC4D202698}.Release|Any CPU.Build.0 = Release|Any CPU
		{8239701A-ECD4-4BC1-94DC-192EA6C651CE}.Debug|Any CPU.ActiveCfg = Debug|Any CPU
		{8239701A-ECD4-4BC1-94DC-192EA6C651CE}.Debug|Any CPU.Build.0 = Debug|Any CPU
		{8239701A-ECD4-4BC1-94DC-192EA6C651CE}.Release|Any CPU.ActiveCfg = Release|Any CPU
		{8239701A-ECD4-4BC1-94DC-192EA6C651CE}.Release|Any CPU.Build.0 = Release|Any CPU
		{7ECB19BA-735F-4C1C-8AF7-6E391CF2D29B}.Debug|Any CPU.ActiveCfg = Debug|Any CPU
		{7ECB19BA-735F-4C1C-8AF7-6E391CF2D29B}.Debug|Any CPU.Build.0 = Debug|Any CPU
		{7ECB19BA-735F-4C1C-8AF7-6E391CF2D29B}.Release|Any CPU.ActiveCfg = Release|Any CPU
		{7ECB19BA-735F-4C1C-8AF7-6E391CF2D29B}.Release|Any CPU.Build.0 = Release|Any CPU
		{CE7CD49D-9A59-4902-AEBF-7E2A2670696C}.Debug|Any CPU.ActiveCfg = Debug|Any CPU
		{CE7CD49D-9A59-4902-AEBF-7E2A2670696C}.Debug|Any CPU.Build.0 = Debug|Any CPU
		{CE7CD49D-9A59-4902-AEBF-7E2A2670696C}.Release|Any CPU.ActiveCfg = Release|Any CPU
		{CE7CD49D-9A59-4902-AEBF-7E2A2670696C}.Release|Any CPU.Build.0 = Release|Any CPU
	EndGlobalSection
	GlobalSection(NestedProjects) = preSolution
		{3AE85FF0-4933-4210-AF4F-76CF866C93FF} = {B79B5013-DA3F-4AC6-9FD1-249297FEAB1E}
		{91479475-124C-44D1-952A-E0BC4D202698} = {B79B5013-DA3F-4AC6-9FD1-249297FEAB1E}
		{8239701A-ECD4-4BC1-94DC-192EA6C651CE} = {B79B5013-DA3F-4AC6-9FD1-249297FEAB1E}
		{7ECB19BA-735F-4C1C-8AF7-6E391CF2D29B} = {3030988C-074E-4D6F-8816-A60FBB2A8992}
		{CE7CD49D-9A59-4902-AEBF-7E2A2670696C} = {3030988C-074E-4D6F-8816-A60FBB2A8992}
	EndGlobalSection
EndGlobal
